// !$*UTF8*$!
{
	archiveVersion = 1;
	classes = {
	};
	objectVersion = 56;
	objects = {

/* Begin PBXBuildFile section */
		6BFECE552B1FBE32007684A3 /* AirbnbApp.swift in Sources */ = {isa = PBXBuildFile; fileRef = 6BFECE542B1FBE32007684A3 /* AirbnbApp.swift */; };
		6BFECE572B1FBE32007684A3 /* ContentView.swift in Sources */ = {isa = PBXBuildFile; fileRef = 6BFECE562B1FBE32007684A3 /* ContentView.swift */; };
		6BFECE592B1FBE33007684A3 /* Assets.xcassets in Resources */ = {isa = PBXBuildFile; fileRef = 6BFECE582B1FBE33007684A3 /* Assets.xcassets */; };
		6BFECE5C2B1FBE33007684A3 /* Preview Assets.xcassets in Resources */ = {isa = PBXBuildFile; fileRef = 6BFECE5B2B1FBE33007684A3 /* Preview Assets.xcassets */; };
		6BFECE662B1FBE33007684A3 /* AirbnbTests.swift in Sources */ = {isa = PBXBuildFile; fileRef = 6BFECE652B1FBE33007684A3 /* AirbnbTests.swift */; };
		6BFECE702B1FBE33007684A3 /* AirbnbUITests.swift in Sources */ = {isa = PBXBuildFile; fileRef = 6BFECE6F2B1FBE33007684A3 /* AirbnbUITests.swift */; };
		6BFECE722B1FBE33007684A3 /* AirbnbUITestsLaunchTests.swift in Sources */ = {isa = PBXBuildFile; fileRef = 6BFECE712B1FBE33007684A3 /* AirbnbUITestsLaunchTests.swift */; };
		6BFECE832B1FC62C007684A3 /* APIService.swift in Sources */ = {isa = PBXBuildFile; fileRef = 6BFECE822B1FC62C007684A3 /* APIService.swift */; };
		6BFECE852B224E8A007684A3 /* AirbnbListingsView.swift in Sources */ = {isa = PBXBuildFile; fileRef = 6BFECE842B224E8A007684A3 /* AirbnbListingsView.swift */; };
		6BFECE872B224EF0007684A3 /* AirbnbListingCardView.swift in Sources */ = {isa = PBXBuildFile; fileRef = 6BFECE862B224EF0007684A3 /* AirbnbListingCardView.swift */; };
		6BFECE892B224F2A007684A3 /* AirbnbDetailView.swift in Sources */ = {isa = PBXBuildFile; fileRef = 6BFECE882B224F2A007684A3 /* AirbnbDetailView.swift */; };
/* End PBXBuildFile section */

/* Begin PBXContainerItemProxy section */
		6BFECE622B1FBE33007684A3 /* PBXContainerItemProxy */ = {
			isa = PBXContainerItemProxy;
			containerPortal = 6BFECE492B1FBE32007684A3 /* Project object */;
			proxyType = 1;
			remoteGlobalIDString = 6BFECE502B1FBE32007684A3;
			remoteInfo = Airbnb;
		};
		6BFECE6C2B1FBE33007684A3 /* PBXContainerItemProxy */ = {
			isa = PBXContainerItemProxy;
			containerPortal = 6BFECE492B1FBE32007684A3 /* Project object */;
			proxyType = 1;
			remoteGlobalIDString = 6BFECE502B1FBE32007684A3;
			remoteInfo = Airbnb;
		};
/* End PBXContainerItemProxy section */

/* Begin PBXFileReference section */
		6BFECE512B1FBE32007684A3 /* Airbnb.app */ = {isa = PBXFileReference; explicitFileType = wrapper.application; includeInIndex = 0; path = Airbnb.app; sourceTree = BUILT_PRODUCTS_DIR; };
		6BFECE542B1FBE32007684A3 /* AirbnbApp.swift */ = {isa = PBXFileReference; lastKnownFileType = sourcecode.swift; path = AirbnbApp.swift; sourceTree = "<group>"; };
		6BFECE562B1FBE32007684A3 /* ContentView.swift */ = {isa = PBXFileReference; lastKnownFileType = sourcecode.swift; path = ContentView.swift; sourceTree = "<group>"; };
		6BFECE582B1FBE33007684A3 /* Assets.xcassets */ = {isa = PBXFileReference; lastKnownFileType = folder.assetcatalog; path = Assets.xcassets; sourceTree = "<group>"; };
		6BFECE5B2B1FBE33007684A3 /* Preview Assets.xcassets */ = {isa = PBXFileReference; lastKnownFileType = folder.assetcatalog; path = "Preview Assets.xcassets"; sourceTree = "<group>"; };
		6BFECE612B1FBE33007684A3 /* AirbnbTests.xctest */ = {isa = PBXFileReference; explicitFileType = wrapper.cfbundle; includeInIndex = 0; path = AirbnbTests.xctest; sourceTree = BUILT_PRODUCTS_DIR; };
		6BFECE652B1FBE33007684A3 /* AirbnbTests.swift */ = {isa = PBXFileReference; lastKnownFileType = sourcecode.swift; path = AirbnbTests.swift; sourceTree = "<group>"; };
		6BFECE6B2B1FBE33007684A3 /* AirbnbUITests.xctest */ = {isa = PBXFileReference; explicitFileType = wrapper.cfbundle; includeInIndex = 0; path = AirbnbUITests.xctest; sourceTree = BUILT_PRODUCTS_DIR; };
		6BFECE6F2B1FBE33007684A3 /* AirbnbUITests.swift */ = {isa = PBXFileReference; lastKnownFileType = sourcecode.swift; path = AirbnbUITests.swift; sourceTree = "<group>"; };
		6BFECE712B1FBE33007684A3 /* AirbnbUITestsLaunchTests.swift */ = {isa = PBXFileReference; lastKnownFileType = sourcecode.swift; path = AirbnbUITestsLaunchTests.swift; sourceTree = "<group>"; };
		6BFECE822B1FC62C007684A3 /* APIService.swift */ = {isa = PBXFileReference; lastKnownFileType = sourcecode.swift; path = APIService.swift; sourceTree = "<group>"; };
		6BFECE842B224E8A007684A3 /* AirbnbListingsView.swift */ = {isa = PBXFileReference; lastKnownFileType = sourcecode.swift; path = AirbnbListingsView.swift; sourceTree = "<group>"; };
		6BFECE862B224EF0007684A3 /* AirbnbListingCardView.swift */ = {isa = PBXFileReference; lastKnownFileType = sourcecode.swift; path = AirbnbListingCardView.swift; sourceTree = "<group>"; };
		6BFECE882B224F2A007684A3 /* AirbnbDetailView.swift */ = {isa = PBXFileReference; lastKnownFileType = sourcecode.swift; path = AirbnbDetailView.swift; sourceTree = "<group>"; };
/* End PBXFileReference section */

/* Begin PBXFrameworksBuildPhase section */
		6BFECE4E2B1FBE32007684A3 /* Frameworks */ = {
			isa = PBXFrameworksBuildPhase;
			buildActionMask = 2147483647;
			files = (
			);
			runOnlyForDeploymentPostprocessing = 0;
		};
		6BFECE5E2B1FBE33007684A3 /* Frameworks */ = {
			isa = PBXFrameworksBuildPhase;
			buildActionMask = 2147483647;
			files = (
			);
			runOnlyForDeploymentPostprocessing = 0;
		};
		6BFECE682B1FBE33007684A3 /* Frameworks */ = {
			isa = PBXFrameworksBuildPhase;
			buildActionMask = 2147483647;
			files = (
			);
			runOnlyForDeploymentPostprocessing = 0;
		};
/* End PBXFrameworksBuildPhase section */

/* Begin PBXGroup section */
		6BFECE482B1FBE32007684A3 = {
			isa = PBXGroup;
			children = (
				6BFECE532B1FBE32007684A3 /* Airbnb */,
				6BFECE642B1FBE33007684A3 /* AirbnbTests */,
				6BFECE6E2B1FBE33007684A3 /* AirbnbUITests */,
				6BFECE522B1FBE32007684A3 /* Products */,
			);
			sourceTree = "<group>";
		};
		6BFECE522B1FBE32007684A3 /* Products */ = {
			isa = PBXGroup;
			children = (
				6BFECE512B1FBE32007684A3 /* Airbnb.app */,
				6BFECE612B1FBE33007684A3 /* AirbnbTests.xctest */,
				6BFECE6B2B1FBE33007684A3 /* AirbnbUITests.xctest */,
			);
			name = Products;
			sourceTree = "<group>";
		};
		6BFECE532B1FBE32007684A3 /* Airbnb */ = {
			isa = PBXGroup;
			children = (
				6BFECE812B1FC620007684A3 /* Services */,
				6BFECE802B1FC61B007684A3 /* ViewModels */,
				6BFECE7F2B1FC616007684A3 /* Models */,
				6BFECE7E2B1FC60E007684A3 /* Views */,
				6BFECE542B1FBE32007684A3 /* AirbnbApp.swift */,
				6BFECE582B1FBE33007684A3 /* Assets.xcassets */,
				6BFECE5A2B1FBE33007684A3 /* Preview Content */,
			);
			path = Airbnb;
			sourceTree = "<group>";
		};
		6BFECE5A2B1FBE33007684A3 /* Preview Content */ = {
			isa = PBXGroup;
			children = (
				6BFECE5B2B1FBE33007684A3 /* Preview Assets.xcassets */,
			);
			path = "Preview Content";
			sourceTree = "<group>";
		};
		6BFECE642B1FBE33007684A3 /* AirbnbTests */ = {
			isa = PBXGroup;
			children = (
				6BFECE652B1FBE33007684A3 /* AirbnbTests.swift */,
			);
			path = AirbnbTests;
			sourceTree = "<group>";
		};
		6BFECE6E2B1FBE33007684A3 /* AirbnbUITests */ = {
			isa = PBXGroup;
			children = (
				6BFECE6F2B1FBE33007684A3 /* AirbnbUITests.swift */,
				6BFECE712B1FBE33007684A3 /* AirbnbUITestsLaunchTests.swift */,
			);
			path = AirbnbUITests;
			sourceTree = "<group>";
		};
		6BFECE7E2B1FC60E007684A3 /* Views */ = {
			isa = PBXGroup;
			children = (
				6BFECE562B1FBE32007684A3 /* ContentView.swift */,
				6BFECE842B224E8A007684A3 /* AirbnbListingsView.swift */,
				6BFECE862B224EF0007684A3 /* AirbnbListingCardView.swift */,
				6BFECE882B224F2A007684A3 /* AirbnbDetailView.swift */,
			);
			path = Views;
			sourceTree = "<group>";
		};
		6BFECE7F2B1FC616007684A3 /* Models */ = {
			isa = PBXGroup;
			children = (
			);
			path = Models;
			sourceTree = "<group>";
		};
		6BFECE802B1FC61B007684A3 /* ViewModels */ = {
			isa = PBXGroup;
			children = (
			);
			path = ViewModels;
			sourceTree = "<group>";
		};
		6BFECE812B1FC620007684A3 /* Services */ = {
			isa = PBXGroup;
			children = (
				6BFECE822B1FC62C007684A3 /* APIService.swift */,
			);
			path = Services;
			sourceTree = "<group>";
		};
/* End PBXGroup section */

/* Begin PBXNativeTarget section */
		6BFECE502B1FBE32007684A3 /* Airbnb */ = {
			isa = PBXNativeTarget;
			buildConfigurationList = 6BFECE752B1FBE33007684A3 /* Build configuration list for PBXNativeTarget "Airbnb" */;
			buildPhases = (
				6BFECE4D2B1FBE32007684A3 /* Sources */,
				6BFECE4E2B1FBE32007684A3 /* Frameworks */,
				6BFECE4F2B1FBE32007684A3 /* Resources */,
			);
			buildRules = (
			);
			dependencies = (
			);
			name = Airbnb;
			productName = Airbnb;
			productReference = 6BFECE512B1FBE32007684A3 /* Airbnb.app */;
			productType = "com.apple.product-type.application";
		};
		6BFECE602B1FBE33007684A3 /* AirbnbTests */ = {
			isa = PBXNativeTarget;
			buildConfigurationList = 6BFECE782B1FBE33007684A3 /* Build configuration list for PBXNativeTarget "AirbnbTests" */;
			buildPhases = (
				6BFECE5D2B1FBE33007684A3 /* Sources */,
				6BFECE5E2B1FBE33007684A3 /* Frameworks */,
				6BFECE5F2B1FBE33007684A3 /* Resources */,
			);
			buildRules = (
			);
			dependencies = (
				6BFECE632B1FBE33007684A3 /* PBXTargetDependency */,
			);
			name = AirbnbTests;
			productName = AirbnbTests;
			productReference = 6BFECE612B1FBE33007684A3 /* AirbnbTests.xctest */;
			productType = "com.apple.product-type.bundle.unit-test";
		};
		6BFECE6A2B1FBE33007684A3 /* AirbnbUITests */ = {
			isa = PBXNativeTarget;
			buildConfigurationList = 6BFECE7B2B1FBE33007684A3 /* Build configuration list for PBXNativeTarget "AirbnbUITests" */;
			buildPhases = (
				6BFECE672B1FBE33007684A3 /* Sources */,
				6BFECE682B1FBE33007684A3 /* Frameworks */,
				6BFECE692B1FBE33007684A3 /* Resources */,
			);
			buildRules = (
			);
			dependencies = (
				6BFECE6D2B1FBE33007684A3 /* PBXTargetDependency */,
			);
			name = AirbnbUITests;
			productName = AirbnbUITests;
			productReference = 6BFECE6B2B1FBE33007684A3 /* AirbnbUITests.xctest */;
			productType = "com.apple.product-type.bundle.ui-testing";
		};
/* End PBXNativeTarget section */

/* Begin PBXProject section */
		6BFECE492B1FBE32007684A3 /* Project object */ = {
			isa = PBXProject;
			attributes = {
				BuildIndependentTargetsInParallel = 1;
				LastSwiftUpdateCheck = 1500;
				LastUpgradeCheck = 1500;
				TargetAttributes = {
					6BFECE502B1FBE32007684A3 = {
						CreatedOnToolsVersion = 15.0.1;
					};
					6BFECE602B1FBE33007684A3 = {
						CreatedOnToolsVersion = 15.0.1;
						TestTargetID = 6BFECE502B1FBE32007684A3;
					};
					6BFECE6A2B1FBE33007684A3 = {
						CreatedOnToolsVersion = 15.0.1;
						TestTargetID = 6BFECE502B1FBE32007684A3;
					};
				};
			};
			buildConfigurationList = 6BFECE4C2B1FBE32007684A3 /* Build configuration list for PBXProject "Airbnb" */;
			compatibilityVersion = "Xcode 14.0";
			developmentRegion = en;
			hasScannedForEncodings = 0;
			knownRegions = (
				en,
				Base,
			);
			mainGroup = 6BFECE482B1FBE32007684A3;
			productRefGroup = 6BFECE522B1FBE32007684A3 /* Products */;
			projectDirPath = "";
			projectRoot = "";
			targets = (
				6BFECE502B1FBE32007684A3 /* Airbnb */,
				6BFECE602B1FBE33007684A3 /* AirbnbTests */,
				6BFECE6A2B1FBE33007684A3 /* AirbnbUITests */,
			);
		};
/* End PBXProject section */

/* Begin PBXResourcesBuildPhase section */
		6BFECE4F2B1FBE32007684A3 /* Resources */ = {
			isa = PBXResourcesBuildPhase;
			buildActionMask = 2147483647;
			files = (
				6BFECE5C2B1FBE33007684A3 /* Preview Assets.xcassets in Resources */,
				6BFECE592B1FBE33007684A3 /* Assets.xcassets in Resources */,
			);
			runOnlyForDeploymentPostprocessing = 0;
		};
		6BFECE5F2B1FBE33007684A3 /* Resources */ = {
			isa = PBXResourcesBuildPhase;
			buildActionMask = 2147483647;
			files = (
			);
			runOnlyForDeploymentPostprocessing = 0;
		};
		6BFECE692B1FBE33007684A3 /* Resources */ = {
			isa = PBXResourcesBuildPhase;
			buildActionMask = 2147483647;
			files = (
			);
			runOnlyForDeploymentPostprocessing = 0;
		};
/* End PBXResourcesBuildPhase section */

/* Begin PBXSourcesBuildPhase section */
		6BFECE4D2B1FBE32007684A3 /* Sources */ = {
			isa = PBXSourcesBuildPhase;
			buildActionMask = 2147483647;
			files = (
				6BFECE572B1FBE32007684A3 /* ContentView.swift in Sources */,
				6BFECE892B224F2A007684A3 /* AirbnbDetailView.swift in Sources */,
				6BFECE852B224E8A007684A3 /* AirbnbListingsView.swift in Sources */,
				6BFECE872B224EF0007684A3 /* AirbnbListingCardView.swift in Sources */,
				6BFECE832B1FC62C007684A3 /* APIService.swift in Sources */,
				6BFECE552B1FBE32007684A3 /* AirbnbApp.swift in Sources */,
			);
			runOnlyForDeploymentPostprocessing = 0;
		};
		6BFECE5D2B1FBE33007684A3 /* Sources */ = {
			isa = PBXSourcesBuildPhase;
			buildActionMask = 2147483647;
			files = (
				6BFECE662B1FBE33007684A3 /* AirbnbTests.swift in Sources */,
			);
			runOnlyForDeploymentPostprocessing = 0;
		};
		6BFECE672B1FBE33007684A3 /* Sources */ = {
			isa = PBXSourcesBuildPhase;
			buildActionMask = 2147483647;
			files = (
				6BFECE722B1FBE33007684A3 /* AirbnbUITestsLaunchTests.swift in Sources */,
				6BFECE702B1FBE33007684A3 /* AirbnbUITests.swift in Sources */,
			);
			runOnlyForDeploymentPostprocessing = 0;
		};
/* End PBXSourcesBuildPhase section */

/* Begin PBXTargetDependency section */
		6BFECE632B1FBE33007684A3 /* PBXTargetDependency */ = {
			isa = PBXTargetDependency;
			target = 6BFECE502B1FBE32007684A3 /* Airbnb */;
			targetProxy = 6BFECE622B1FBE33007684A3 /* PBXContainerItemProxy */;
		};
		6BFECE6D2B1FBE33007684A3 /* PBXTargetDependency */ = {
			isa = PBXTargetDependency;
			target = 6BFECE502B1FBE32007684A3 /* Airbnb */;
			targetProxy = 6BFECE6C2B1FBE33007684A3 /* PBXContainerItemProxy */;
		};
/* End PBXTargetDependency section */

/* Begin XCBuildConfiguration section */
		6BFECE732B1FBE33007684A3 /* Debug */ = {
			isa = XCBuildConfiguration;
			buildSettings = {
				ALWAYS_SEARCH_USER_PATHS = NO;
				ASSETCATALOG_COMPILER_GENERATE_SWIFT_ASSET_SYMBOL_EXTENSIONS = YES;
				CLANG_ANALYZER_NONNULL = YES;
				CLANG_ANALYZER_NUMBER_OBJECT_CONVERSION = YES_AGGRESSIVE;
				CLANG_CXX_LANGUAGE_STANDARD = "gnu++20";
				CLANG_ENABLE_MODULES = YES;
				CLANG_ENABLE_OBJC_ARC = YES;
				CLANG_ENABLE_OBJC_WEAK = YES;
				CLANG_WARN_BLOCK_CAPTURE_AUTORELEASING = YES;
				CLANG_WARN_BOOL_CONVERSION = YES;
				CLANG_WARN_COMMA = YES;
				CLANG_WARN_CONSTANT_CONVERSION = YES;
				CLANG_WARN_DEPRECATED_OBJC_IMPLEMENTATIONS = YES;
				CLANG_WARN_DIRECT_OBJC_ISA_USAGE = YES_ERROR;
				CLANG_WARN_DOCUMENTATION_COMMENTS = YES;
				CLANG_WARN_EMPTY_BODY = YES;
				CLANG_WARN_ENUM_CONVERSION = YES;
				CLANG_WARN_INFINITE_RECURSION = YES;
				CLANG_WARN_INT_CONVERSION = YES;
				CLANG_WARN_NON_LITERAL_NULL_CONVERSION = YES;
				CLANG_WARN_OBJC_IMPLICIT_RETAIN_SELF = YES;
				CLANG_WARN_OBJC_LITERAL_CONVERSION = YES;
				CLANG_WARN_OBJC_ROOT_CLASS = YES_ERROR;
				CLANG_WARN_QUOTED_INCLUDE_IN_FRAMEWORK_HEADER = YES;
				CLANG_WARN_RANGE_LOOP_ANALYSIS = YES;
				CLANG_WARN_STRICT_PROTOTYPES = YES;
				CLANG_WARN_SUSPICIOUS_MOVE = YES;
				CLANG_WARN_UNGUARDED_AVAILABILITY = YES_AGGRESSIVE;
				CLANG_WARN_UNREACHABLE_CODE = YES;
				CLANG_WARN__DUPLICATE_METHOD_MATCH = YES;
				COPY_PHASE_STRIP = NO;
				DEBUG_INFORMATION_FORMAT = dwarf;
				ENABLE_STRICT_OBJC_MSGSEND = YES;
				ENABLE_TESTABILITY = YES;
				ENABLE_USER_SCRIPT_SANDBOXING = YES;
				GCC_C_LANGUAGE_STANDARD = gnu17;
				GCC_DYNAMIC_NO_PIC = NO;
				GCC_NO_COMMON_BLOCKS = YES;
				GCC_OPTIMIZATION_LEVEL = 0;
				GCC_PREPROCESSOR_DEFINITIONS = (
					"DEBUG=1",
					"$(inherited)",
				);
				GCC_WARN_64_TO_32_BIT_CONVERSION = YES;
				GCC_WARN_ABOUT_RETURN_TYPE = YES_ERROR;
				GCC_WARN_UNDECLARED_SELECTOR = YES;
				GCC_WARN_UNINITIALIZED_AUTOS = YES_AGGRESSIVE;
				GCC_WARN_UNUSED_FUNCTION = YES;
				GCC_WARN_UNUSED_VARIABLE = YES;
				IPHONEOS_DEPLOYMENT_TARGET = 17.0;
				LOCALIZATION_PREFERS_STRING_CATALOGS = YES;
				MTL_ENABLE_DEBUG_INFO = INCLUDE_SOURCE;
				MTL_FAST_MATH = YES;
				ONLY_ACTIVE_ARCH = YES;
				SDKROOT = iphoneos;
				SWIFT_ACTIVE_COMPILATION_CONDITIONS = "DEBUG $(inherited)";
				SWIFT_OPTIMIZATION_LEVEL = "-Onone";
			};
			name = Debug;
		};
		6BFECE742B1FBE33007684A3 /* Release */ = {
			isa = XCBuildConfiguration;
			buildSettings = {
				ALWAYS_SEARCH_USER_PATHS = NO;
				ASSETCATALOG_COMPILER_GENERATE_SWIFT_ASSET_SYMBOL_EXTENSIONS = YES;
				CLANG_ANALYZER_NONNULL = YES;
				CLANG_ANALYZER_NUMBER_OBJECT_CONVERSION = YES_AGGRESSIVE;
				CLANG_CXX_LANGUAGE_STANDARD = "gnu++20";
				CLANG_ENABLE_MODULES = YES;
				CLANG_ENABLE_OBJC_ARC = YES;
				CLANG_ENABLE_OBJC_WEAK = YES;
				CLANG_WARN_BLOCK_CAPTURE_AUTORELEASING = YES;
				CLANG_WARN_BOOL_CONVERSION = YES;
				CLANG_WARN_COMMA = YES;
				CLANG_WARN_CONSTANT_CONVERSION = YES;
				CLANG_WARN_DEPRECATED_OBJC_IMPLEMENTATIONS = YES;
				CLANG_WARN_DIRECT_OBJC_ISA_USAGE = YES_ERROR;
				CLANG_WARN_DOCUMENTATION_COMMENTS = YES;
				CLANG_WARN_EMPTY_BODY = YES;
				CLANG_WARN_ENUM_CONVERSION = YES;
				CLANG_WARN_INFINITE_RECURSION = YES;
				CLANG_WARN_INT_CONVERSION = YES;
				CLANG_WARN_NON_LITERAL_NULL_CONVERSION = YES;
				CLANG_WARN_OBJC_IMPLICIT_RETAIN_SELF = YES;
				CLANG_WARN_OBJC_LITERAL_CONVERSION = YES;
				CLANG_WARN_OBJC_ROOT_CLASS = YES_ERROR;
				CLANG_WARN_QUOTED_INCLUDE_IN_FRAMEWORK_HEADER = YES;
				CLANG_WARN_RANGE_LOOP_ANALYSIS = YES;
				CLANG_WARN_STRICT_PROTOTYPES = YES;
				CLANG_WARN_SUSPICIOUS_MOVE = YES;
				CLANG_WARN_UNGUARDED_AVAILABILITY = YES_AGGRESSIVE;
				CLANG_WARN_UNREACHABLE_CODE = YES;
				CLANG_WARN__DUPLICATE_METHOD_MATCH = YES;
				COPY_PHASE_STRIP = NO;
				DEBUG_INFORMATION_FORMAT = "dwarf-with-dsym";
				ENABLE_NS_ASSERTIONS = NO;
				ENABLE_STRICT_OBJC_MSGSEND = YES;
				ENABLE_USER_SCRIPT_SANDBOXING = YES;
				GCC_C_LANGUAGE_STANDARD = gnu17;
				GCC_NO_COMMON_BLOCKS = YES;
				GCC_WARN_64_TO_32_BIT_CONVERSION = YES;
				GCC_WARN_ABOUT_RETURN_TYPE = YES_ERROR;
				GCC_WARN_UNDECLARED_SELECTOR = YES;
				GCC_WARN_UNINITIALIZED_AUTOS = YES_AGGRESSIVE;
				GCC_WARN_UNUSED_FUNCTION = YES;
				GCC_WARN_UNUSED_VARIABLE = YES;
				IPHONEOS_DEPLOYMENT_TARGET = 17.0;
				LOCALIZATION_PREFERS_STRING_CATALOGS = YES;
				MTL_ENABLE_DEBUG_INFO = NO;
				MTL_FAST_MATH = YES;
				SDKROOT = iphoneos;
				SWIFT_COMPILATION_MODE = wholemodule;
				VALIDATE_PRODUCT = YES;
			};
			name = Release;
		};
		6BFECE762B1FBE33007684A3 /* Debug */ = {
			isa = XCBuildConfiguration;
			buildSettings = {
				ASSETCATALOG_COMPILER_APPICON_NAME = AppIcon;
				ASSETCATALOG_COMPILER_GLOBAL_ACCENT_COLOR_NAME = AccentColor;
				CODE_SIGN_STYLE = Automatic;
				CURRENT_PROJECT_VERSION = 1;
				DEVELOPMENT_ASSET_PATHS = "\"Airbnb/Preview Content\"";
				ENABLE_PREVIEWS = YES;
				GENERATE_INFOPLIST_FILE = YES;
				INFOPLIST_KEY_UIApplicationSceneManifest_Generation = YES;
				INFOPLIST_KEY_UIApplicationSupportsIndirectInputEvents = YES;
				INFOPLIST_KEY_UILaunchScreen_Generation = YES;
				INFOPLIST_KEY_UISupportedInterfaceOrientations_iPad = "UIInterfaceOrientationPortrait UIInterfaceOrientationPortraitUpsideDown UIInterfaceOrientationLandscapeLeft UIInterfaceOrientationLandscapeRight";
				INFOPLIST_KEY_UISupportedInterfaceOrientations_iPhone = "UIInterfaceOrientationPortrait UIInterfaceOrientationLandscapeLeft UIInterfaceOrientationLandscapeRight";
				LD_RUNPATH_SEARCH_PATHS = (
					"$(inherited)",
					"@executable_path/Frameworks",
				);
				MARKETING_VERSION = 1.0;
				PRODUCT_BUNDLE_IDENTIFIER = Airbnb.Airbnb;
				PRODUCT_NAME = "$(TARGET_NAME)";
				SWIFT_EMIT_LOC_STRINGS = YES;
				SWIFT_VERSION = 5.0;
				TARGETED_DEVICE_FAMILY = "1,2";
			};
			name = Debug;
		};
		6BFECE772B1FBE33007684A3 /* Release */ = {
			isa = XCBuildConfiguration;
			buildSettings = {
				ASSETCATALOG_COMPILER_APPICON_NAME = AppIcon;
				ASSETCATALOG_COMPILER_GLOBAL_ACCENT_COLOR_NAME = AccentColor;
				CODE_SIGN_STYLE = Automatic;
				CURRENT_PROJECT_VERSION = 1;
				DEVELOPMENT_ASSET_PATHS = "\"Airbnb/Preview Content\"";
				ENABLE_PREVIEWS = YES;
				GENERATE_INFOPLIST_FILE = YES;
				INFOPLIST_KEY_UIApplicationSceneManifest_Generation = YES;
				INFOPLIST_KEY_UIApplicationSupportsIndirectInputEvents = YES;
				INFOPLIST_KEY_UILaunchScreen_Generation = YES;
				INFOPLIST_KEY_UISupportedInterfaceOrientations_iPad = "UIInterfaceOrientationPortrait UIInterfaceOrientationPortraitUpsideDown UIInterfaceOrientationLandscapeLeft UIInterfaceOrientationLandscapeRight";
				INFOPLIST_KEY_UISupportedInterfaceOrientations_iPhone = "UIInterfaceOrientationPortrait UIInterfaceOrientationLandscapeLeft UIInterfaceOrientationLandscapeRight";
				LD_RUNPATH_SEARCH_PATHS = (
					"$(inherited)",
					"@executable_path/Frameworks",
				);
				MARKETING_VERSION = 1.0;
				PRODUCT_BUNDLE_IDENTIFIER = Airbnb.Airbnb;
				PRODUCT_NAME = "$(TARGET_NAME)";
				SWIFT_EMIT_LOC_STRINGS = YES;
				SWIFT_VERSION = 5.0;
				TARGETED_DEVICE_FAMILY = "1,2";
			};
			name = Release;
		};
		6BFECE792B1FBE33007684A3 /* Debug */ = {
			isa = XCBuildConfiguration;
			buildSettings = {
				ALWAYS_EMBED_SWIFT_STANDARD_LIBRARIES = YES;
				BUNDLE_LOADER = "$(TEST_HOST)";
				CODE_SIGN_STYLE = Automatic;
				CURRENT_PROJECT_VERSION = 1;
				GENERATE_INFOPLIST_FILE = YES;
				IPHONEOS_DEPLOYMENT_TARGET = 17.0;
				MARKETING_VERSION = 1.0;
				PRODUCT_BUNDLE_IDENTIFIER = Airbnb.AirbnbTests;
				PRODUCT_NAME = "$(TARGET_NAME)";
				SWIFT_EMIT_LOC_STRINGS = NO;
				SWIFT_VERSION = 5.0;
				TARGETED_DEVICE_FAMILY = "1,2";
				TEST_HOST = "$(BUILT_PRODUCTS_DIR)/Airbnb.app/$(BUNDLE_EXECUTABLE_FOLDER_PATH)/Airbnb";
			};
			name = Debug;
		};
		6BFECE7A2B1FBE33007684A3 /* Release */ = {
			isa = XCBuildConfiguration;
			buildSettings = {
				ALWAYS_EMBED_SWIFT_STANDARD_LIBRARIES = YES;
				BUNDLE_LOADER = "$(TEST_HOST)";
				CODE_SIGN_STYLE = Automatic;
				CURRENT_PROJECT_VERSION = 1;
				GENERATE_INFOPLIST_FILE = YES;
				IPHONEOS_DEPLOYMENT_TARGET = 17.0;
				MARKETING_VERSION = 1.0;
				PRODUCT_BUNDLE_IDENTIFIER = Airbnb.AirbnbTests;
				PRODUCT_NAME = "$(TARGET_NAME)";
				SWIFT_EMIT_LOC_STRINGS = NO;
				SWIFT_VERSION = 5.0;
				TARGETED_DEVICE_FAMILY = "1,2";
				TEST_HOST = "$(BUILT_PRODUCTS_DIR)/Airbnb.app/$(BUNDLE_EXECUTABLE_FOLDER_PATH)/Airbnb";
			};
			name = Release;
		};
		6BFECE7C2B1FBE33007684A3 /* Debug */ = {
			isa = XCBuildConfiguration;
			buildSettings = {
				ALWAYS_EMBED_SWIFT_STANDARD_LIBRARIES = YES;
				CODE_SIGN_STYLE = Automatic;
				CURRENT_PROJECT_VERSION = 1;
				GENERATE_INFOPLIST_FILE = YES;
				MARKETING_VERSION = 1.0;
				PRODUCT_BUNDLE_IDENTIFIER = Airbnb.AirbnbUITests;
				PRODUCT_NAME = "$(TARGET_NAME)";
				SWIFT_EMIT_LOC_STRINGS = NO;
				SWIFT_VERSION = 5.0;
				TARGETED_DEVICE_FAMILY = "1,2";
				TEST_TARGET_NAME = Airbnb;
			};
			name = Debug;
		};
		6BFECE7D2B1FBE33007684A3 /* Release */ = {
			isa = XCBuildConfiguration;
			buildSettings = {
				ALWAYS_EMBED_SWIFT_STANDARD_LIBRARIES = YES;
				CODE_SIGN_STYLE = Automatic;
				CURRENT_PROJECT_VERSION = 1;
				GENERATE_INFOPLIST_FILE = YES;
				MARKETING_VERSION = 1.0;
				PRODUCT_BUNDLE_IDENTIFIER = Airbnb.AirbnbUITests;
				PRODUCT_NAME = "$(TARGET_NAME)";
				SWIFT_EMIT_LOC_STRINGS = NO;
				SWIFT_VERSION = 5.0;
				TARGETED_DEVICE_FAMILY = "1,2";
				TEST_TARGET_NAME = Airbnb;
			};
			name = Release;
		};
/* End XCBuildConfiguration section */

/* Begin XCConfigurationList section */
		6BFECE4C2B1FBE32007684A3 /* Build configuration list for PBXProject "Airbnb" */ = {
			isa = XCConfigurationList;
			buildConfigurations = (
				6BFECE732B1FBE33007684A3 /* Debug */,
				6BFECE742B1FBE33007684A3 /* Release */,
			);
			defaultConfigurationIsVisible = 0;
			defaultConfigurationName = Release;
		};
		6BFECE752B1FBE33007684A3 /* Build configuration list for PBXNativeTarget "Airbnb" */ = {
			isa = XCConfigurationList;
			buildConfigurations = (
				6BFECE762B1FBE33007684A3 /* Debug */,
				6BFECE772B1FBE33007684A3 /* Release */,
			);
			defaultConfigurationIsVisible = 0;
			defaultConfigurationName = Release;
		};
		6BFECE782B1FBE33007684A3 /* Build configuration list for PBXNativeTarget "AirbnbTests" */ = {
			isa = XCConfigurationList;
			buildConfigurations = (
				6BFECE792B1FBE33007684A3 /* Debug */,
				6BFECE7A2B1FBE33007684A3 /* Release */,
			);
			defaultConfigurationIsVisible = 0;
			defaultConfigurationName = Release;
		};
		6BFECE7B2B1FBE33007684A3 /* Build configuration list for PBXNativeTarget "AirbnbUITests" */ = {
			isa = XCConfigurationList;
			buildConfigurations = (
				6BFECE7C2B1FBE33007684A3 /* Debug */,
				6BFECE7D2B1FBE33007684A3 /* Release */,
			);
			defaultConfigurationIsVisible = 0;
			defaultConfigurationName = Release;
		};
/* End XCConfigurationList section */
	};
	rootObject = 6BFECE492B1FBE32007684A3 /* Project object */;
}
